<?xml version="1.0" encoding="utf-8"?>
<Project ToolsVersion="4.0" xmlns="http://schemas.microsoft.com/developer/msbuild/2003">
  <ItemGroup>
    <Filter Include="Resource Files">
      <UniqueIdentifier>{67DA6AB6-F800-4c08-8B7A-83BB121AAD01}</UniqueIdentifier>
      <Extensions>rc;ico;cur;bmp;dlg;rc2;rct;bin;rgs;gif;jpg;jpeg;jpe;resx;tiff;tif;png;wav;mfcribbon-ms</Extensions>
    </Filter>
    <Filter Include="Agents">
      <UniqueIdentifier>{4FC737F1-C7A5-4376-A066-2A32D752A2FF}</UniqueIdentifier>
      <Extensions>cpp;c;cc;cxx;def;odl;idl;hpj;bat;asm;asmx</Extensions>
    </Filter>
    <Filter Include="Standard Files">
      <UniqueIdentifier>{93995380-89BD-4b04-88EB-625FBE52EBFB}</UniqueIdentifier>
      <Extensions>h;hh;hpp;hxx;hm;inl;inc;xsd</Extensions>
    </Filter>
    <Filter Include="Agents\Random">
      <UniqueIdentifier>{01cbbb4e-b043-4663-ac63-5a0cb446bfc9}</UniqueIdentifier>
    </Filter>
    <Filter Include="Agents\Basic">
      <UniqueIdentifier>{ac22dc6b-8e2f-4504-a8bd-5689e70efc98}</UniqueIdentifier>
    </Filter>
    <Filter Include="Agents\SecretAgents">
      <UniqueIdentifier>{db1e90d8-0028-4b4c-b58f-f1080cf285ec}</UniqueIdentifier>
    </Filter>
    <Filter Include="Agents\Still">
      <UniqueIdentifier>{9494eb4d-606d-4733-aad6-744ee29e17a3}</UniqueIdentifier>
    </Filter>
  </ItemGroup>
  <ItemGroup>
    <ClInclude Include="Classes\hlt.h">
      <Filter>Standard Files</Filter>
    </ClInclude>
    <ClInclude Include="Classes\Networking.h">
      <Filter>Standard Files</Filter>
    </ClInclude>
    <ClInclude Include="Classes\Agents\Random\Random.h">
      <Filter>Agents\Random</Filter>
    </ClInclude>
    <ClInclude Include="Classes\Agents\Basic\Basic.h">
      <Filter>Agents\Basic</Filter>
    </ClInclude>
    <ClInclude Include="..\..\SecretAgents\Test.h">
      <Filter>Agents\SecretAgents</Filter>
    </ClInclude>
    <ClInclude Include="..\..\SecretAgents\Cell.h">
      <Filter>Agents\SecretAgents</Filter>
    </ClInclude>
    <ClInclude Include="..\..\SecretAgents\Cell33.h">
      <Filter>Agents\SecretAgents</Filter>
    </ClInclude>
    <ClInclude Include="..\..\SecretAgents\Res.h">
      <Filter>Agents\SecretAgents</Filter>
    </ClInclude>
    <ClInclude Include="Classes\Agents\Still\Still.h">
      <Filter>Agents\Still</Filter>
    </ClInclude>
    <ClInclude Include="..\..\SecretAgents\Tissue33.h">
      <Filter>Agents\SecretAgents</Filter>
    </ClInclude>
  </ItemGroup>
  <ItemGroup>
    <ClCompile Include="Classes\Agents\Random\Random.cpp">
      <Filter>Agents\Random</Filter>
    </ClCompile>
    <ClCompile Include="Classes\main.cpp" />
    <ClCompile Include="Classes\Agents\Basic\Basic.cpp">
      <Filter>Agents\Basic</Filter>
    </ClCompile>
    <ClCompile Include="..\..\SecretAgents\Test.cpp">
      <Filter>Agents\SecretAgents</Filter>
    </ClCompile>
    <ClCompile Include="Classes\Agents\Still\Still.cpp">
      <Filter>Agents\Still</Filter>
    </ClCompile>
  </ItemGroup>
</Project>