// !$*UTF8*$!
{
	archiveVersion = 1;
	classes = {
	};
	objectVersion = 46;
	objects = {

/* Begin PBXBuildFile section */
		62199CDA1B3B5AD2004360C1 /* OpenGL.framework in Frameworks */ = {isa = PBXBuildFile; fileRef = 62199CD91B3B5AD2004360C1 /* OpenGL.framework */; };
		627A5B911B3B5C5F002CEABE /* YourName.cpp in Sources */ = {isa = PBXBuildFile; fileRef = 627A5B7D1B3B5C5F002CEABE /* YourName.cpp */; };
		627A5B931B3B5C5F002CEABE /* GameRun.cpp in Sources */ = {isa = PBXBuildFile; fileRef = 627A5B821B3B5C5F002CEABE /* GameRun.cpp */; };
		627A5B941B3B5C5F002CEABE /* HaliteLocation.cpp in Sources */ = {isa = PBXBuildFile; fileRef = 627A5B841B3B5C5F002CEABE /* HaliteLocation.cpp */; };
		627A5B951B3B5C5F002CEABE /* HaliteMap.cpp in Sources */ = {isa = PBXBuildFile; fileRef = 627A5B861B3B5C5F002CEABE /* HaliteMap.cpp */; };
		627A5B961B3B5C5F002CEABE /* HaliteMove.cpp in Sources */ = {isa = PBXBuildFile; fileRef = 627A5B881B3B5C5F002CEABE /* HaliteMove.cpp */; };
		627A5B971B3B5C5F002CEABE /* LUtil.cpp in Sources */ = {isa = PBXBuildFile; fileRef = 627A5B8B1B3B5C5F002CEABE /* LUtil.cpp */; };
		627A5B981B3B5C5F002CEABE /* main.cpp in Sources */ = {isa = PBXBuildFile; fileRef = 627A5B8D1B3B5C5F002CEABE /* main.cpp */; };
		627A5B991B3B5C5F002CEABE /* STD_AI_1.cpp in Sources */ = {isa = PBXBuildFile; fileRef = 627A5B8F1B3B5C5F002CEABE /* STD_AI_1.cpp */; };
		62B76C3B1B3C2D1900FD17F0 /* DiffusionAI.cpp in Sources */ = {isa = PBXBuildFile; fileRef = 62B76C391B3C2D1900FD17F0 /* DiffusionAI.cpp */; };
		62D618A61B3CCB4900D61B67 /* Leigon_AI.cpp in Sources */ = {isa = PBXBuildFile; fileRef = 62D618A41B3CCB4900D61B67 /* Leigon_AI.cpp */; };
/* End PBXBuildFile section */

/* Begin PBXCopyFilesBuildPhase section */
		62199CCD1B3B59AC004360C1 /* CopyFiles */ = {
			isa = PBXCopyFilesBuildPhase;
			buildActionMask = 2147483647;
			dstPath = /usr/share/man/man1/;
			dstSubfolderSpec = 0;
			files = (
			);
			runOnlyForDeploymentPostprocessing = 1;
		};
/* End PBXCopyFilesBuildPhase section */

/* Begin PBXFileReference section */
		62199CCF1B3B59AC004360C1 /* HaliteMac */ = {isa = PBXFileReference; explicitFileType = "compiled.mach-o.executable"; includeInIndex = 0; path = HaliteMac; sourceTree = BUILT_PRODUCTS_DIR; };
		62199CD91B3B5AD2004360C1 /* OpenGL.framework */ = {isa = PBXFileReference; lastKnownFileType = wrapper.framework; name = OpenGL.framework; path = System/Library/Frameworks/OpenGL.framework; sourceTree = SDKROOT; };
		627A5B7D1B3B5C5F002CEABE /* YourName.cpp */ = {isa = PBXFileReference; fileEncoding = 4; lastKnownFileType = sourcecode.cpp.cpp; path = YourName.cpp; sourceTree = "<group>"; };
		627A5B7E1B3B5C5F002CEABE /* YourName.h */ = {isa = PBXFileReference; fileEncoding = 4; lastKnownFileType = sourcecode.c.h; path = YourName.h; sourceTree = "<group>"; };
		627A5B821B3B5C5F002CEABE /* GameRun.cpp */ = {isa = PBXFileReference; fileEncoding = 4; lastKnownFileType = sourcecode.cpp.cpp; name = GameRun.cpp; path = Classes/GameRun.cpp; sourceTree = SOURCE_ROOT; };
		627A5B831B3B5C5F002CEABE /* GameRun.h */ = {isa = PBXFileReference; fileEncoding = 4; lastKnownFileType = sourcecode.c.h; name = GameRun.h; path = Classes/GameRun.h; sourceTree = SOURCE_ROOT; };
		627A5B841B3B5C5F002CEABE /* HaliteLocation.cpp */ = {isa = PBXFileReference; fileEncoding = 4; lastKnownFileType = sourcecode.cpp.cpp; name = HaliteLocation.cpp; path = Classes/HaliteLocation.cpp; sourceTree = SOURCE_ROOT; };
		627A5B851B3B5C5F002CEABE /* HaliteLocation.h */ = {isa = PBXFileReference; fileEncoding = 4; lastKnownFileType = sourcecode.c.h; name = HaliteLocation.h; path = Classes/HaliteLocation.h; sourceTree = SOURCE_ROOT; };
		627A5B861B3B5C5F002CEABE /* HaliteMap.cpp */ = {isa = PBXFileReference; fileEncoding = 4; lastKnownFileType = sourcecode.cpp.cpp; name = HaliteMap.cpp; path = Classes/HaliteMap.cpp; sourceTree = SOURCE_ROOT; };
		627A5B871B3B5C5F002CEABE /* HaliteMap.h */ = {isa = PBXFileReference; fileEncoding = 4; lastKnownFileType = sourcecode.c.h; name = HaliteMap.h; path = Classes/HaliteMap.h; sourceTree = SOURCE_ROOT; };
		627A5B881B3B5C5F002CEABE /* HaliteMove.cpp */ = {isa = PBXFileReference; fileEncoding = 4; lastKnownFileType = sourcecode.cpp.cpp; name = HaliteMove.cpp; path = Classes/HaliteMove.cpp; sourceTree = SOURCE_ROOT; };
		627A5B891B3B5C5F002CEABE /* HaliteMove.h */ = {isa = PBXFileReference; fileEncoding = 4; lastKnownFileType = sourcecode.c.h; name = HaliteMove.h; path = Classes/HaliteMove.h; sourceTree = SOURCE_ROOT; };
		627A5B8A1B3B5C5F002CEABE /* LOpenGL.h */ = {isa = PBXFileReference; fileEncoding = 4; lastKnownFileType = sourcecode.c.h; name = LOpenGL.h; path = Classes/LOpenGL.h; sourceTree = SOURCE_ROOT; };
		627A5B8B1B3B5C5F002CEABE /* LUtil.cpp */ = {isa = PBXFileReference; fileEncoding = 4; lastKnownFileType = sourcecode.cpp.cpp; name = LUtil.cpp; path = Classes/LUtil.cpp; sourceTree = SOURCE_ROOT; };
		627A5B8C1B3B5C5F002CEABE /* LUtil.h */ = {isa = PBXFileReference; fileEncoding = 4; lastKnownFileType = sourcecode.c.h; name = LUtil.h; path = Classes/LUtil.h; sourceTree = SOURCE_ROOT; };
		627A5B8D1B3B5C5F002CEABE /* main.cpp */ = {isa = PBXFileReference; fileEncoding = 4; lastKnownFileType = sourcecode.cpp.cpp; name = main.cpp; path = Classes/main.cpp; sourceTree = SOURCE_ROOT; };
		627A5B8F1B3B5C5F002CEABE /* STD_AI_1.cpp */ = {isa = PBXFileReference; fileEncoding = 4; lastKnownFileType = sourcecode.cpp.cpp; path = STD_AI_1.cpp; sourceTree = "<group>"; };
		627A5B901B3B5C5F002CEABE /* STD_AI_1.h */ = {isa = PBXFileReference; fileEncoding = 4; lastKnownFileType = sourcecode.c.h; path = STD_AI_1.h; sourceTree = "<group>"; };
		62B76C391B3C2D1900FD17F0 /* DiffusionAI.cpp */ = {isa = PBXFileReference; fileEncoding = 4; lastKnownFileType = sourcecode.cpp.cpp; path = DiffusionAI.cpp; sourceTree = "<group>"; };
		62B76C3A1B3C2D1900FD17F0 /* DiffusionAI.h */ = {isa = PBXFileReference; fileEncoding = 4; lastKnownFileType = sourcecode.c.h; path = DiffusionAI.h; sourceTree = "<group>"; };
		62D618A41B3CCB4900D61B67 /* Leigon_AI.cpp */ = {isa = PBXFileReference; fileEncoding = 4; lastKnownFileType = sourcecode.cpp.cpp; path = Leigon_AI.cpp; sourceTree = "<group>"; };
		62D618A51B3CCB4900D61B67 /* Leigon_AI.h */ = {isa = PBXFileReference; fileEncoding = 4; lastKnownFileType = sourcecode.c.h; path = Leigon_AI.h; sourceTree = "<group>"; };
/* End PBXFileReference section */

/* Begin PBXFrameworksBuildPhase section */
		62199CCC1B3B59AC004360C1 /* Frameworks */ = {
			isa = PBXFrameworksBuildPhase;
			buildActionMask = 2147483647;
			files = (
				62199CDA1B3B5AD2004360C1 /* OpenGL.framework in Frameworks */,
			);
			runOnlyForDeploymentPostprocessing = 0;
		};
/* End PBXFrameworksBuildPhase section */

/* Begin PBXGroup section */
		62199CC61B3B59AC004360C1 = {
			isa = PBXGroup;
			children = (
				62199CD91B3B5AD2004360C1 /* OpenGL.framework */,
				62199CD11B3B59AC004360C1 /* HaliteMac */,
				62199CD01B3B59AC004360C1 /* Products */,
			);
			sourceTree = "<group>";
		};
		62199CD01B3B59AC004360C1 /* Products */ = {
			isa = PBXGroup;
			children = (
				62199CCF1B3B59AC004360C1 /* HaliteMac */,
			);
			name = Products;
			sourceTree = "<group>";
		};
		62199CD11B3B59AC004360C1 /* HaliteMac */ = {
			isa = PBXGroup;
			children = (
				62D618A31B3CCB4900D61B67 /* Leigon_AI */,
				62B76C381B3C2D1900FD17F0 /* Diffusion_AI */,
				627A5B7C1B3B5C5F002CEABE /* AI_Template */,
				627A5B821B3B5C5F002CEABE /* GameRun.cpp */,
				627A5B831B3B5C5F002CEABE /* GameRun.h */,
				627A5B841B3B5C5F002CEABE /* HaliteLocation.cpp */,
				627A5B851B3B5C5F002CEABE /* HaliteLocation.h */,
				627A5B861B3B5C5F002CEABE /* HaliteMap.cpp */,
				627A5B871B3B5C5F002CEABE /* HaliteMap.h */,
				627A5B881B3B5C5F002CEABE /* HaliteMove.cpp */,
				627A5B891B3B5C5F002CEABE /* HaliteMove.h */,
				627A5B8A1B3B5C5F002CEABE /* LOpenGL.h */,
				627A5B8B1B3B5C5F002CEABE /* LUtil.cpp */,
				627A5B8C1B3B5C5F002CEABE /* LUtil.h */,
				627A5B8D1B3B5C5F002CEABE /* main.cpp */,
				627A5B8E1B3B5C5F002CEABE /* STD_AI_1 */,
			);
			path = HaliteMac;
			sourceTree = "<group>";
		};
		627A5B7C1B3B5C5F002CEABE /* AI_Template */ = {
			isa = PBXGroup;
			children = (
				627A5B7D1B3B5C5F002CEABE /* YourName.cpp */,
				627A5B7E1B3B5C5F002CEABE /* YourName.h */,
			);
			name = AI_Template;
			path = Classes/AI_Template;
			sourceTree = SOURCE_ROOT;
		};
		627A5B8E1B3B5C5F002CEABE /* STD_AI_1 */ = {
			isa = PBXGroup;
			children = (
				627A5B8F1B3B5C5F002CEABE /* STD_AI_1.cpp */,
				627A5B901B3B5C5F002CEABE /* STD_AI_1.h */,
			);
			name = STD_AI_1;
			path = Classes/STD_AI_1;
			sourceTree = SOURCE_ROOT;
		};
		62B76C381B3C2D1900FD17F0 /* Diffusion_AI */ = {
			isa = PBXGroup;
			children = (
				62B76C391B3C2D1900FD17F0 /* DiffusionAI.cpp */,
				62B76C3A1B3C2D1900FD17F0 /* DiffusionAI.h */,
			);
			name = Diffusion_AI;
			path = Classes/Diffusion_AI;
			sourceTree = SOURCE_ROOT;
		};
		62D618A31B3CCB4900D61B67 /* Leigon_AI */ = {
			isa = PBXGroup;
			children = (
				62D618A41B3CCB4900D61B67 /* Leigon_AI.cpp */,
				62D618A51B3CCB4900D61B67 /* Leigon_AI.h */,
			);
			name = Leigon_AI;
			path = Classes/Leigon_AI;
			sourceTree = SOURCE_ROOT;
		};
/* End PBXGroup section */

/* Begin PBXNativeTarget section */
		62199CCE1B3B59AC004360C1 /* HaliteMac */ = {
			isa = PBXNativeTarget;
			buildConfigurationList = 62199CD61B3B59AC004360C1 /* Build configuration list for PBXNativeTarget "HaliteMac" */;
			buildPhases = (
				62199CCB1B3B59AC004360C1 /* Sources */,
				62199CCC1B3B59AC004360C1 /* Frameworks */,
				62199CCD1B3B59AC004360C1 /* CopyFiles */,
			);
			buildRules = (
			);
			dependencies = (
			);
			name = HaliteMac;
			productName = HaliteMac;
			productReference = 62199CCF1B3B59AC004360C1 /* HaliteMac */;
			productType = "com.apple.product-type.tool";
		};
/* End PBXNativeTarget section */

/* Begin PBXProject section */
		62199CC71B3B59AC004360C1 /* Project object */ = {
			isa = PBXProject;
			attributes = {
				LastUpgradeCheck = 0630;
				ORGANIZATIONNAME = "Michael Truell";
				TargetAttributes = {
					62199CCE1B3B59AC004360C1 = {
						CreatedOnToolsVersion = 6.3.2;
					};
				};
			};
			buildConfigurationList = 62199CCA1B3B59AC004360C1 /* Build configuration list for PBXProject "HaliteMac" */;
			compatibilityVersion = "Xcode 3.2";
			developmentRegion = English;
			hasScannedForEncodings = 0;
			knownRegions = (
				en,
			);
			mainGroup = 62199CC61B3B59AC004360C1;
			productRefGroup = 62199CD01B3B59AC004360C1 /* Products */;
			projectDirPath = "";
			projectRoot = "";
			targets = (
				62199CCE1B3B59AC004360C1 /* HaliteMac */,
			);
		};
/* End PBXProject section */

/* Begin PBXSourcesBuildPhase section */
		62199CCB1B3B59AC004360C1 /* Sources */ = {
			isa = PBXSourcesBuildPhase;
			buildActionMask = 2147483647;
			files = (
				62B76C3B1B3C2D1900FD17F0 /* DiffusionAI.cpp in Sources */,
				627A5B911B3B5C5F002CEABE /* YourName.cpp in Sources */,
				627A5B931B3B5C5F002CEABE /* GameRun.cpp in Sources */,
				627A5B971B3B5C5F002CEABE /* LUtil.cpp in Sources */,
				627A5B991B3B5C5F002CEABE /* STD_AI_1.cpp in Sources */,
				62D618A61B3CCB4900D61B67 /* Leigon_AI.cpp in Sources */,
				627A5B951B3B5C5F002CEABE /* HaliteMap.cpp in Sources */,
				627A5B941B3B5C5F002CEABE /* HaliteLocation.cpp in Sources */,
				627A5B981B3B5C5F002CEABE /* main.cpp in Sources */,
				627A5B961B3B5C5F002CEABE /* HaliteMove.cpp in Sources */,
			);
			runOnlyForDeploymentPostprocessing = 0;
		};
/* End PBXSourcesBuildPhase section */

/* Begin XCBuildConfiguration section */
		62199CD41B3B59AC004360C1 /* Debug */ = {
			isa = XCBuildConfiguration;
			buildSettings = {
				ALWAYS_SEARCH_USER_PATHS = NO;
				CLANG_CXX_LANGUAGE_STANDARD = "gnu++0x";
				CLANG_CXX_LIBRARY = "libc++";
				CLANG_ENABLE_MODULES = YES;
				CLANG_ENABLE_OBJC_ARC = YES;
				CLANG_WARN_BOOL_CONVERSION = YES;
				CLANG_WARN_CONSTANT_CONVERSION = YES;
				CLANG_WARN_DIRECT_OBJC_ISA_USAGE = YES_ERROR;
				CLANG_WARN_EMPTY_BODY = YES;
				CLANG_WARN_ENUM_CONVERSION = YES;
				CLANG_WARN_INT_CONVERSION = YES;
				CLANG_WARN_OBJC_ROOT_CLASS = YES_ERROR;
				CLANG_WARN_UNREACHABLE_CODE = YES;
				CLANG_WARN__DUPLICATE_METHOD_MATCH = YES;
				COPY_PHASE_STRIP = NO;
				DEBUG_INFORMATION_FORMAT = dwarf;
				ENABLE_STRICT_OBJC_MSGSEND = YES;
				GCC_C_LANGUAGE_STANDARD = gnu99;
				GCC_DYNAMIC_NO_PIC = NO;
				GCC_NO_COMMON_BLOCKS = YES;
				GCC_OPTIMIZATION_LEVEL = 0;
				GCC_PREPROCESSOR_DEFINITIONS = (
					"DEBUG=1",
					"$(inherited)",
				);
				GCC_SYMBOLS_PRIVATE_EXTERN = NO;
				GCC_WARN_64_TO_32_BIT_CONVERSION = YES;
				GCC_WARN_ABOUT_RETURN_TYPE = YES_ERROR;
				GCC_WARN_UNDECLARED_SELECTOR = YES;
				GCC_WARN_UNINITIALIZED_AUTOS = YES_AGGRESSIVE;
				GCC_WARN_UNUSED_FUNCTION = YES;
				GCC_WARN_UNUSED_VARIABLE = YES;
				MACOSX_DEPLOYMENT_TARGET = 10.10;
				MTL_ENABLE_DEBUG_INFO = YES;
				ONLY_ACTIVE_ARCH = YES;
				SDKROOT = macosx;
			};
			name = Debug;
		};
		62199CD51B3B59AC004360C1 /* Release */ = {
			isa = XCBuildConfiguration;
			buildSettings = {
				ALWAYS_SEARCH_USER_PATHS = NO;
				CLANG_CXX_LANGUAGE_STANDARD = "gnu++0x";
				CLANG_CXX_LIBRARY = "libc++";
				CLANG_ENABLE_MODULES = YES;
				CLANG_ENABLE_OBJC_ARC = YES;
				CLANG_WARN_BOOL_CONVERSION = YES;
				CLANG_WARN_CONSTANT_CONVERSION = YES;
				CLANG_WARN_DIRECT_OBJC_ISA_USAGE = YES_ERROR;
				CLANG_WARN_EMPTY_BODY = YES;
				CLANG_WARN_ENUM_CONVERSION = YES;
				CLANG_WARN_INT_CONVERSION = YES;
				CLANG_WARN_OBJC_ROOT_CLASS = YES_ERROR;
				CLANG_WARN_UNREACHABLE_CODE = YES;
				CLANG_WARN__DUPLICATE_METHOD_MATCH = YES;
				COPY_PHASE_STRIP = NO;
				DEBUG_INFORMATION_FORMAT = "dwarf-with-dsym";
				ENABLE_NS_ASSERTIONS = NO;
				ENABLE_STRICT_OBJC_MSGSEND = YES;
				GCC_C_LANGUAGE_STANDARD = gnu99;
				GCC_NO_COMMON_BLOCKS = YES;
				GCC_WARN_64_TO_32_BIT_CONVERSION = YES;
				GCC_WARN_ABOUT_RETURN_TYPE = YES_ERROR;
				GCC_WARN_UNDECLARED_SELECTOR = YES;
				GCC_WARN_UNINITIALIZED_AUTOS = YES_AGGRESSIVE;
				GCC_WARN_UNUSED_FUNCTION = YES;
				GCC_WARN_UNUSED_VARIABLE = YES;
				MACOSX_DEPLOYMENT_TARGET = 10.10;
				MTL_ENABLE_DEBUG_INFO = NO;
				SDKROOT = macosx;
			};
			name = Release;
		};
		62199CD71B3B59AC004360C1 /* Debug */ = {
			isa = XCBuildConfiguration;
			buildSettings = {
				HEADER_SEARCH_PATHS = (
					"$(inherited)",
					/Applications/Xcode.app/Contents/Developer/Toolchains/XcodeDefault.xctoolchain/usr/include,
					"\"/opt/X11/include\"",
					"\"/usr/local/include\"",
				);
				LIBRARY_SEARCH_PATHS = (
					"\"/opt/X11/lib\"",
					"\"/usr/local/lib\"",
				);
				OTHER_LDFLAGS = "-lGLUT";
				PRODUCT_NAME = "$(TARGET_NAME)";
			};
			name = Debug;
		};
		62199CD81B3B59AC004360C1 /* Release */ = {
			isa = XCBuildConfiguration;
			buildSettings = {
				HEADER_SEARCH_PATHS = (
					"$(inherited)",
					/Applications/Xcode.app/Contents/Developer/Toolchains/XcodeDefault.xctoolchain/usr/include,
					"\"/opt/X11/include\"",
					"\"/usr/local/include\"",
				);
				LIBRARY_SEARCH_PATHS = (
					"\"/opt/X11/lib\"",
					"\"/usr/local/lib\"",
				);
				OTHER_LDFLAGS = "-lGLUT";
				PRODUCT_NAME = "$(TARGET_NAME)";
			};
			name = Release;
		};
/* End XCBuildConfiguration section */

/* Begin XCConfigurationList section */
		62199CCA1B3B59AC004360C1 /* Build configuration list for PBXProject "HaliteMac" */ = {
			isa = XCConfigurationList;
			buildConfigurations = (
				62199CD41B3B59AC004360C1 /* Debug */,
				62199CD51B3B59AC004360C1 /* Release */,
			);
			defaultConfigurationIsVisible = 0;
			defaultConfigurationName = Release;
		};
		62199CD61B3B59AC004360C1 /* Build configuration list for PBXNativeTarget "HaliteMac" */ = {
			isa = XCConfigurationList;
			buildConfigurations = (
				62199CD71B3B59AC004360C1 /* Debug */,
				62199CD81B3B59AC004360C1 /* Release */,
			);
			defaultConfigurationIsVisible = 0;
			defaultConfigurationName = Release;
		};
/* End XCConfigurationList section */
	};
	rootObject = 62199CC71B3B59AC004360C1 /* Project object */;
}
